
Microsoft Visual Studio Solution File, Format Version 12.00
# Visual Studio Version 17
VisualStudioVersion = 17.8.34330.188
MinimumVisualStudioVersion = 10.0.40219.1
Project("{FAE04EC0-301F-11D3-BF4B-00C04F79EFBC}") = "DynamicWebApi", "DynamicWebApi\DynamicWebApi.csproj", "{E0821CF6-5806-431B-BE7C-214D40E2DD53}"
EndProject
Global
	GlobalSection(SolutionConfigurationPlatforms) = preSolution
		Debug|Any CPU = Debug|Any CPU
		Release|Any CPU = Release|Any CPU
	EndGlobalSection
	GlobalSection(ProjectConfigurationPlatforms) = postSolution
		{E0821CF6-5806-431B-BE7C-214D40E2DD53}.Debug|Any CPU.ActiveCfg = Debug|Any CPU
		{E0821CF6-5806-431B-BE7C-214D40E2DD53}.Debug|Any CPU.Build.0 = Debug|Any CPU
		{E0821CF6-5806-431B-BE7C-214D40E2DD53}.Release|Any CPU.ActiveCfg = Release|Any CPU
		{E0821CF6-5806-431B-BE7C-214D40E2DD53}.Release|Any CPU.Build.0 = Release|Any CPU
	EndGlobalSection
	GlobalSection(SolutionProperties) = preSolution
		HideSolutionNode = FALSE
	EndGlobalSection
	GlobalSection(ExtensibilityGlobals) = postSolution
		SolutionGuid = {AFAD5D4F-2A94-4735-8D3C-89B6A69657AA}
	EndGlobalSection
EndGlobal
